
Microsoft Visual Studio Solution File, Format Version 12.00
# Visual Studio 15
Project("{FAE04EC0-301F-11D3-BF4B-00C04F79EFBC}") = "Assembly-CSharp", "Assembly-CSharp.csproj", "{A9572FBE-087E-BED5-74A6-EB04D06A1027}"
EndProject
Project("{FAE04EC0-301F-11D3-BF4B-00C04F79EFBC}") = "Assembly-CSharp-firstpass", "Assembly-CSharp-firstpass.csproj", "{86AA28E5-4992-2D4E-4F03-4A143D635E17}"
EndProject
Global
	GlobalSection(SolutionConfigurationPlatforms) = preSolution
		Debug|Any CPU = Debug|Any CPU
		Release|Any CPU = Release|Any CPU
	EndGlobalSection
	GlobalSection(ProjectConfigurationPlatforms) = postSolution
		{A9572FBE-087E-BED5-74A6-EB04D06A1027}.Debug|Any CPU.ActiveCfg = Debug|Any CPU
		{A9572FBE-087E-BED5-74A6-EB04D06A1027}.Debug|Any CPU.Build.0 = Debug|Any CPU
		{A9572FBE-087E-BED5-74A6-EB04D06A1027}.Release|Any CPU.ActiveCfg = Release|Any CPU
		{A9572FBE-087E-BED5-74A6-EB04D06A1027}.Release|Any CPU.Build.0 = Release|Any CPU
		{86AA28E5-4992-2D4E-4F03-4A143D635E17}.Debug|Any CPU.ActiveCfg = Debug|Any CPU
		{86AA28E5-4992-2D4E-4F03-4A143D635E17}.Debug|Any CPU.Build.0 = Debug|Any CPU
		{86AA28E5-4992-2D4E-4F03-4A143D635E17}.Release|Any CPU.ActiveCfg = Release|Any CPU
		{86AA28E5-4992-2D4E-4F03-4A143D635E17}.Release|Any CPU.Build.0 = Release|Any CPU
	EndGlobalSection
	GlobalSection(SolutionProperties) = preSolution
		HideSolutionNode = FALSE
	EndGlobalSection
EndGlobal
